// !$*UTF8*$!
{
	archiveVersion = 1;
	classes = {
	};
	objectVersion = 46;
	objects = {

/* Begin PBXBuildFile section */
		0418D2901A5A815700FA3E35 /* main.m in Sources */ = {isa = PBXBuildFile; fileRef = 0418D28F1A5A815700FA3E35 /* main.m */; };
		0418D2931A5A815700FA3E35 /* AppDelegate.m in Sources */ = {isa = PBXBuildFile; fileRef = 0418D2921A5A815700FA3E35 /* AppDelegate.m */; };
		0418D2961A5A815700FA3E35 /* ViewController.m in Sources */ = {isa = PBXBuildFile; fileRef = 0418D2951A5A815700FA3E35 /* ViewController.m */; };
		0418D2991A5A815800FA3E35 /* Main.storyboard in Resources */ = {isa = PBXBuildFile; fileRef = 0418D2971A5A815800FA3E35 /* Main.storyboard */; };
		0418D29B1A5A815800FA3E35 /* Images.xcassets in Resources */ = {isa = PBXBuildFile; fileRef = 0418D29A1A5A815800FA3E35 /* Images.xcassets */; };
		0418D29E1A5A815800FA3E35 /* LaunchScreen.xib in Resources */ = {isa = PBXBuildFile; fileRef = 0418D29C1A5A815800FA3E35 /* LaunchScreen.xib */; };
		0418D2AA1A5A815800FA3E35 /* testTests.m in Sources */ = {isa = PBXBuildFile; fileRef = 0418D2A91A5A815800FA3E35 /* testTests.m */; };
/* End PBXBuildFile section */

/* Begin PBXContainerItemProxy section */
		0418D2A41A5A815800FA3E35 /* PBXContainerItemProxy */ = {
			isa = PBXContainerItemProxy;
			containerPortal = 0418D2821A5A815700FA3E35 /* Project object */;
			proxyType = 1;
			remoteGlobalIDString = 0418D2891A5A815700FA3E35;
			remoteInfo = test;
		};
/* End PBXContainerItemProxy section */

/* Begin PBXFileReference section */
		0418D28A1A5A815700FA3E35 /* test.app */ = {isa = PBXFileReference; explicitFileType = wrapper.application; includeInIndex = 0; path = test.app; sourceTree = BUILT_PRODUCTS_DIR; };
		0418D28E1A5A815700FA3E35 /* Info.plist */ = {isa = PBXFileReference; lastKnownFileType = text.plist.xml; path = Info.plist; sourceTree = "<group>"; };
		0418D28F1A5A815700FA3E35 /* main.m */ = {isa = PBXFileReference; lastKnownFileType = sourcecode.c.objc; path = main.m; sourceTree = "<group>"; };
		0418D2911A5A815700FA3E35 /* AppDelegate.h */ = {isa = PBXFileReference; lastKnownFileType = sourcecode.c.h; path = AppDelegate.h; sourceTree = "<group>"; };
		0418D2921A5A815700FA3E35 /* AppDelegate.m */ = {isa = PBXFileReference; lastKnownFileType = sourcecode.c.objc; path = AppDelegate.m; sourceTree = "<group>"; };
		0418D2941A5A815700FA3E35 /* ViewController.h */ = {isa = PBXFileReference; lastKnownFileType = sourcecode.c.h; path = ViewController.h; sourceTree = "<group>"; };
		0418D2951A5A815700FA3E35 /* ViewController.m */ = {isa = PBXFileReference; lastKnownFileType = sourcecode.c.objc; path = ViewController.m; sourceTree = "<group>"; };
		0418D2981A5A815800FA3E35 /* Base */ = {isa = PBXFileReference; lastKnownFileType = file.storyboard; name = Base; path = Base.lproj/Main.storyboard; sourceTree = "<group>"; };
		0418D29A1A5A815800FA3E35 /* Images.xcassets */ = {isa = PBXFileReference; lastKnownFileType = folder.assetcatalog; path = Images.xcassets; sourceTree = "<group>"; };
		0418D29D1A5A815800FA3E35 /* Base */ = {isa = PBXFileReference; lastKnownFileType = file.xib; name = Base; path = Base.lproj/LaunchScreen.xib; sourceTree = "<group>"; };
		0418D2A31A5A815800FA3E35 /* testTests.xctest */ = {isa = PBXFileReference; explicitFileType = wrapper.cfbundle; includeInIndex = 0; path = testTests.xctest; sourceTree = BUILT_PRODUCTS_DIR; };
		0418D2A81A5A815800FA3E35 /* Info.plist */ = {isa = PBXFileReference; lastKnownFileType = text.plist.xml; path = Info.plist; sourceTree = "<group>"; };
		0418D2A91A5A815800FA3E35 /* testTests.m */ = {isa = PBXFileReference; lastKnownFileType = sourcecode.c.objc; path = testTests.m; sourceTree = "<group>"; };
/* End PBXFileReference section */

/* Begin PBXFrameworksBuildPhase section */
		0418D2871A5A815700FA3E35 /* Frameworks */ = {
			isa = PBXFrameworksBuildPhase;
			buildActionMask = 2147483647;
			files = (
			);
			runOnlyForDeploymentPostprocessing = 0;
		};
		0418D2A01A5A815800FA3E35 /* Frameworks */ = {
			isa = PBXFrameworksBuildPhase;
			buildActionMask = 2147483647;
			files = (
			);
			runOnlyForDeploymentPostprocessing = 0;
		};
/* End PBXFrameworksBuildPhase section */

/* Begin PBXGroup section */
		0418D2811A5A815700FA3E35 = {
			isa = PBXGroup;
			children = (
				0418D28C1A5A815700FA3E35 /* test */,
				0418D2A61A5A815800FA3E35 /* testTests */,
				0418D28B1A5A815700FA3E35 /* Products */,
			);
			sourceTree = "<group>";
		};
		0418D28B1A5A815700FA3E35 /* Products */ = {
			isa = PBXGroup;
			children = (
				0418D28A1A5A815700FA3E35 /* test.app */,
				0418D2A31A5A815800FA3E35 /* testTests.xctest */,
			);
			name = Products;
			sourceTree = "<group>";
		};
		0418D28C1A5A815700FA3E35 /* test */ = {
			isa = PBXGroup;
			children = (
				0418D2911A5A815700FA3E35 /* AppDelegate.h */,
				0418D2921A5A815700FA3E35 /* AppDelegate.m */,
				0418D2941A5A815700FA3E35 /* ViewController.h */,
				0418D2951A5A815700FA3E35 /* ViewController.m */,
				0418D2971A5A815800FA3E35 /* Main.storyboard */,
				0418D29A1A5A815800FA3E35 /* Images.xcassets */,
				0418D29C1A5A815800FA3E35 /* LaunchScreen.xib */,
				0418D28D1A5A815700FA3E35 /* Supporting Files */,
			);
			path = test;
			sourceTree = "<group>";
		};
		0418D28D1A5A815700FA3E35 /* Supporting Files */ = {
			isa = PBXGroup;
			children = (
				0418D28E1A5A815700FA3E35 /* Info.plist */,
				0418D28F1A5A815700FA3E35 /* main.m */,
			);
			name = "Supporting Files";
			sourceTree = "<group>";
		};
		0418D2A61A5A815800FA3E35 /* testTests */ = {
			isa = PBXGroup;
			children = (
				0418D2A91A5A815800FA3E35 /* testTests.m */,
				0418D2A71A5A815800FA3E35 /* Supporting Files */,
			);
			path = testTests;
			sourceTree = "<group>";
		};
		0418D2A71A5A815800FA3E35 /* Supporting Files */ = {
			isa = PBXGroup;
			children = (
				0418D2A81A5A815800FA3E35 /* Info.plist */,
			);
			name = "Supporting Files";
			sourceTree = "<group>";
		};
/* End PBXGroup section */

/* Begin PBXNativeTarget section */
		0418D2891A5A815700FA3E35 /* test */ = {
			isa = PBXNativeTarget;
			buildConfigurationList = 0418D2AD1A5A815800FA3E35 /* Build configuration list for PBXNativeTarget "test" */;
			buildPhases = (
				0418D2861A5A815700FA3E35 /* Sources */,
				0418D2871A5A815700FA3E35 /* Frameworks */,
				0418D2881A5A815700FA3E35 /* Resources */,
			);
			buildRules = (
			);
			dependencies = (
			);
			name = test;
			productName = test;
			productReference = 0418D28A1A5A815700FA3E35 /* test.app */;
			productType = "com.apple.product-type.application";
		};
		0418D2A21A5A815800FA3E35 /* testTests */ = {
			isa = PBXNativeTarget;
			buildConfigurationList = 0418D2B01A5A815800FA3E35 /* Build configuration list for PBXNativeTarget "testTests" */;
			buildPhases = (
				0418D29F1A5A815800FA3E35 /* Sources */,
				0418D2A01A5A815800FA3E35 /* Frameworks */,
				0418D2A11A5A815800FA3E35 /* Resources */,
			);
			buildRules = (
			);
			dependencies = (
				0418D2A51A5A815800FA3E35 /* PBXTargetDependency */,
			);
			name = testTests;
			productName = testTests;
			productReference = 0418D2A31A5A815800FA3E35 /* testTests.xctest */;
			productType = "com.apple.product-type.bundle.unit-test";
		};
/* End PBXNativeTarget section */

/* Begin PBXProject section */
		0418D2821A5A815700FA3E35 /* Project object */ = {
			isa = PBXProject;
			attributes = {
				LastUpgradeCheck = 0610;
				ORGANIZATIONNAME = zhangyongsheng;
				TargetAttributes = {
					0418D2891A5A815700FA3E35 = {
						CreatedOnToolsVersion = 6.1.1;
					};
					0418D2A21A5A815800FA3E35 = {
						CreatedOnToolsVersion = 6.1.1;
						TestTargetID = 0418D2891A5A815700FA3E35;
					};
				};
			};
			buildConfigurationList = 0418D2851A5A815700FA3E35 /* Build configuration list for PBXProject "test" */;
			compatibilityVersion = "Xcode 3.2";
			developmentRegion = English;
			hasScannedForEncodings = 0;
			knownRegions = (
				en,
				Base,
			);
			mainGroup = 0418D2811A5A815700FA3E35;
			productRefGroup = 0418D28B1A5A815700FA3E35 /* Products */;
			projectDirPath = "";
			projectRoot = "";
			targets = (
				0418D2891A5A815700FA3E35 /* test */,
				0418D2A21A5A815800FA3E35 /* testTests */,
			);
		};
/* End PBXProject section */

/* Begin PBXResourcesBuildPhase section */
		0418D2881A5A815700FA3E35 /* Resources */ = {
			isa = PBXResourcesBuildPhase;
			buildActionMask = 2147483647;
			files = (
				0418D2991A5A815800FA3E35 /* Main.storyboard in Resources */,
				0418D29E1A5A815800FA3E35 /* LaunchScreen.xib in Resources */,
				0418D29B1A5A815800FA3E35 /* Images.xcassets in Resources */,
			);
			runOnlyForDeploymentPostprocessing = 0;
		};
		0418D2A11A5A815800FA3E35 /* Resources */ = {
			isa = PBXResourcesBuildPhase;
			buildActionMask = 2147483647;
			files = (
			);
			runOnlyForDeploymentPostprocessing = 0;
		};
/* End PBXResourcesBuildPhase section */

/* Begin PBXSourcesBuildPhase section */
		0418D2861A5A815700FA3E35 /* Sources */ = {
			isa = PBXSourcesBuildPhase;
			buildActionMask = 2147483647;
			files = (
				0418D2961A5A815700FA3E35 /* ViewController.m in Sources */,
				0418D2931A5A815700FA3E35 /* AppDelegate.m in Sources */,
				0418D2901A5A815700FA3E35 /* main.m in Sources */,
			);
			runOnlyForDeploymentPostprocessing = 0;
		};
		0418D29F1A5A815800FA3E35 /* Sources */ = {
			isa = PBXSourcesBuildPhase;
			buildActionMask = 2147483647;
			files = (
				0418D2AA1A5A815800FA3E35 /* testTests.m in Sources */,
			);
			runOnlyForDeploymentPostprocessing = 0;
		};
/* End PBXSourcesBuildPhase section */

/* Begin PBXTargetDependency section */
		0418D2A51A5A815800FA3E35 /* PBXTargetDependency */ = {
			isa = PBXTargetDependency;
			target = 0418D2891A5A815700FA3E35 /* test */;
			targetProxy = 0418D2A41A5A815800FA3E35 /* PBXContainerItemProxy */;
		};
/* End PBXTargetDependency section */

/* Begin PBXVariantGroup section */
		0418D2971A5A815800FA3E35 /* Main.storyboard */ = {
			isa = PBXVariantGroup;
			children = (
				0418D2981A5A815800FA3E35 /* Base */,
			);
			name = Main.storyboard;
			sourceTree = "<group>";
		};
		0418D29C1A5A815800FA3E35 /* LaunchScreen.xib */ = {
			isa = PBXVariantGroup;
			children = (
				0418D29D1A5A815800FA3E35 /* Base */,
			);
			name = LaunchScreen.xib;
			sourceTree = "<group>";
		};
/* End PBXVariantGroup section */

/* Begin XCBuildConfiguration section */
		0418D2AB1A5A815800FA3E35 /* Debug */ = {
			isa = XCBuildConfiguration;
			buildSettings = {
				ALWAYS_SEARCH_USER_PATHS = NO;
				CLANG_CXX_LANGUAGE_STANDARD = "gnu++0x";
				CLANG_CXX_LIBRARY = "libc++";
				CLANG_ENABLE_MODULES = YES;
				CLANG_ENABLE_OBJC_ARC = YES;
				CLANG_WARN_BOOL_CONVERSION = YES;
				CLANG_WARN_CONSTANT_CONVERSION = YES;
				CLANG_WARN_DIRECT_OBJC_ISA_USAGE = YES_ERROR;
				CLANG_WARN_EMPTY_BODY = YES;
				CLANG_WARN_ENUM_CONVERSION = YES;
				CLANG_WARN_INT_CONVERSION = YES;
				CLANG_WARN_OBJC_ROOT_CLASS = YES_ERROR;
				CLANG_WARN_UNREACHABLE_CODE = YES;
				CLANG_WARN__DUPLICATE_METHOD_MATCH = YES;
				"CODE_SIGN_IDENTITY[sdk=iphoneos*]" = "iPhone Developer";
				COPY_PHASE_STRIP = NO;
				ENABLE_STRICT_OBJC_MSGSEND = YES;
				GCC_C_LANGUAGE_STANDARD = gnu99;
				GCC_DYNAMIC_NO_PIC = NO;
				GCC_OPTIMIZATION_LEVEL = 0;
				GCC_PREPROCESSOR_DEFINITIONS = (
					"DEBUG=1",
					"$(inherited)",
				);
				GCC_SYMBOLS_PRIVATE_EXTERN = NO;
				GCC_WARN_64_TO_32_BIT_CONVERSION = YES;
				GCC_WARN_ABOUT_RETURN_TYPE = YES_ERROR;
				GCC_WARN_UNDECLARED_SELECTOR = YES;
				GCC_WARN_UNINITIALIZED_AUTOS = YES_AGGRESSIVE;
				GCC_WARN_UNUSED_FUNCTION = YES;
				GCC_WARN_UNUSED_VARIABLE = YES;
				IPHONEOS_DEPLOYMENT_TARGET = 8.1;
				MTL_ENABLE_DEBUG_INFO = YES;
				ONLY_ACTIVE_ARCH = YES;
				SDKROOT = iphoneos;
			};
			name = Debug;
		};
		0418D2AC1A5A815800FA3E35 /* Release */ = {
			isa = XCBuildConfiguration;
			buildSettings = {
				ALWAYS_SEARCH_USER_PATHS = NO;
				CLANG_CXX_LANGUAGE_STANDARD = "gnu++0x";
				CLANG_CXX_LIBRARY = "libc++";
				CLANG_ENABLE_MODULES = YES;
				CLANG_ENABLE_OBJC_ARC = YES;
				CLANG_WARN_BOOL_CONVERSION = YES;
				CLANG_WARN_CONSTANT_CONVERSION = YES;
				CLANG_WARN_DIRECT_OBJC_ISA_USAGE = YES_ERROR;
				CLANG_WARN_EMPTY_BODY = YES;
				CLANG_WARN_ENUM_CONVERSION = YES;
				CLANG_WARN_INT_CONVERSION = YES;
				CLANG_WARN_OBJC_ROOT_CLASS = YES_ERROR;
				CLANG_WARN_UNREACHABLE_CODE = YES;
				CLANG_WARN__DUPLICATE_METHOD_MATCH = YES;
				"CODE_SIGN_IDENTITY[sdk=iphoneos*]" = "iPhone Developer";
				COPY_PHASE_STRIP = YES;
				ENABLE_NS_ASSERTIONS = NO;
				ENABLE_STRICT_OBJC_MSGSEND = YES;
				GCC_C_LANGUAGE_STANDARD = gnu99;
				GCC_WARN_64_TO_32_BIT_CONVERSION = YES;
				GCC_WARN_ABOUT_RETURN_TYPE = YES_ERROR;
				GCC_WARN_UNDECLARED_SELECTOR = YES;
				GCC_WARN_UNINITIALIZED_AUTOS = YES_AGGRESSIVE;
				GCC_WARN_UNUSED_FUNCTION = YES;
				GCC_WARN_UNUSED_VARIABLE = YES;
				IPHONEOS_DEPLOYMENT_TARGET = 8.1;
				MTL_ENABLE_DEBUG_INFO = NO;
				SDKROOT = iphoneos;
				VALIDATE_PRODUCT = YES;
			};
			name = Release;
		};
		0418D2AE1A5A815800FA3E35 /* Debug */ = {
			isa = XCBuildConfiguration;
			buildSettings = {
				ASSETCATALOG_COMPILER_APPICON_NAME = AppIcon;
				INFOPLIST_FILE = test/Info.plist;
				LD_RUNPATH_SEARCH_PATHS = "$(inherited) @executable_path/Frameworks";
				PRODUCT_NAME = "$(TARGET_NAME)";
			};
			name = Debug;
		};
		0418D2AF1A5A815800FA3E35 /* Release */ = {
			isa = XCBuildConfiguration;
			buildSettings = {
				ASSETCATALOG_COMPILER_APPICON_NAME = AppIcon;
				INFOPLIST_FILE = test/Info.plist;
				LD_RUNPATH_SEARCH_PATHS = "$(inherited) @executable_path/Frameworks";
				PRODUCT_NAME = "$(TARGET_NAME)";
			};
			name = Release;
		};
		0418D2B11A5A815800FA3E35 /* Debug */ = {
			isa = XCBuildConfiguration;
			buildSettings = {
				BUNDLE_LOADER = "$(TEST_HOST)";
				FRAMEWORK_SEARCH_PATHS = (
					"$(SDKROOT)/Developer/Library/Frameworks",
					"$(inherited)",
				);
				GCC_PREPROCESSOR_DEFINITIONS = (
					"DEBUG=1",
					"$(inherited)",
				);
				INFOPLIST_FILE = testTests/Info.plist;
				LD_RUNPATH_SEARCH_PATHS = "$(inherited) @executable_path/Frameworks @loader_path/Frameworks";
				PRODUCT_NAME = "$(TARGET_NAME)";
				TEST_HOST = "$(BUILT_PRODUCTS_DIR)/test.app/test";
			};
			name = Debug;
		};
		0418D2B21A5A815800FA3E35 /* Release */ = {
			isa = XCBuildConfiguration;
			buildSettings = {
				BUNDLE_LOADER = "$(TEST_HOST)";
				FRAMEWORK_SEARCH_PATHS = (
					"$(SDKROOT)/Developer/Library/Frameworks",
					"$(inherited)",
				);
				INFOPLIST_FILE = testTests/Info.plist;
				LD_RUNPATH_SEARCH_PATHS = "$(inherited) @executable_path/Frameworks @loader_path/Frameworks";
				PRODUCT_NAME = "$(TARGET_NAME)";
				TEST_HOST = "$(BUILT_PRODUCTS_DIR)/test.app/test";
			};
			name = Release;
		};
/* End XCBuildConfiguration section */

/* Begin XCConfigurationList section */
		0418D2851A5A815700FA3E35 /* Build configuration list for PBXProject "test" */ = {
			isa = XCConfigurationList;
			buildConfigurations = (
				0418D2AB1A5A815800FA3E35 /* Debug */,
				0418D2AC1A5A815800FA3E35 /* Release */,
			);
			defaultConfigurationIsVisible = 0;
			defaultConfigurationName = Release;
		};
		0418D2AD1A5A815800FA3E35 /* Build configuration list for PBXNativeTarget "test" */ = {
			isa = XCConfigurationList;
			buildConfigurations = (
				0418D2AE1A5A815800FA3E35 /* Debug */,
				0418D2AF1A5A815800FA3E35 /* Release */,
			);
			defaultConfigurationIsVisible = 0;
		};
		0418D2B01A5A815800FA3E35 /* Build configuration list for PBXNativeTarget "testTests" */ = {
			isa = XCConfigurationList;
			buildConfigurations = (
				0418D2B11A5A815800FA3E35 /* Debug */,
				0418D2B21A5A815800FA3E35 /* Release */,
			);
			defaultConfigurationIsVisible = 0;
		};
/* End XCConfigurationList section */
	};
	rootObject = 0418D2821A5A815700FA3E35 /* Project object */;
}
